
Microsoft Visual Studio Solution File, Format Version 12.00
# Visual Studio Version 16
VisualStudioVersion = 16.0.31005.135
MinimumVisualStudioVersion = 10.0.40219.1
Project("{D954291E-2A0B-460D-934E-DC6B0785DB48}") = "CastPod.Shared", "CastPod\CastPod.Shared\CastPod.Shared.shproj", "{6279C845-92F8-4333-AB99-3D213163593C}"
EndProject
Project("{2150E333-8FDC-42A3-9474-1A3956D46DE8}") = "Platforms", "Platforms", "{B777F28A-D27F-4D40-B278-1C21A309CD38}"
EndProject
Project("{FAE04EC0-301F-11D3-BF4B-00C04F79EFBC}") = "CastPod.Droid", "CastPod\CastPod.Droid\CastPod.Droid.csproj", "{B7F4244C-1AB9-48CF-927B-65200922D53B}"
EndProject
Project("{FAE04EC0-301F-11D3-BF4B-00C04F79EFBC}") = "CastPod.iOS", "CastPod\CastPod.iOS\CastPod.iOS.csproj", "{E69E7336-26FF-409D-998C-9085FEA65028}"
EndProject
Project("{FAE04EC0-301F-11D3-BF4B-00C04F79EFBC}") = "CastPod.UWP", "CastPod\CastPod.UWP\CastPod.UWP.csproj", "{0EF5A705-6976-41EA-BEC8-0F8AFAAAF275}"
EndProject
Project("{FAE04EC0-301F-11D3-BF4B-00C04F79EFBC}") = "CastPod.Wasm", "CastPod\CastPod.Wasm\CastPod.Wasm.csproj", "{9787AD47-4E5E-4B36-A072-CDC47989546B}"
EndProject
Project("{FAE04EC0-301F-11D3-BF4B-00C04F79EFBC}") = "CastPod.macOS", "CastPod\CastPod.macOS\CastPod.macOS.csproj", "{B32543AB-E0F6-4B12-B447-0C05B4690314}"
EndProject
Project("{FAE04EC0-301F-11D3-BF4B-00C04F79EFBC}") = "CastPod.Skia.Wpf.Host", "CastPod\CastPod.Skia.Wpf.Host\CastPod.Skia.Wpf.Host.csproj", "{A0D0C657-2060-4924-91D0-04D0ADBFB87E}"
EndProject
Project("{FAE04EC0-301F-11D3-BF4B-00C04F79EFBC}") = "CastPod.Skia.Wpf", "CastPod\CastPod.Skia.Wpf\CastPod.Skia.Wpf.csproj", "{B18FAAA2-4FA5-4D5C-9D20-3ECFC5C86739}"
EndProject
Project("{FAE04EC0-301F-11D3-BF4B-00C04F79EFBC}") = "CastPod.Skia.Gtk", "CastPod\CastPod.Skia.Gtk\CastPod.Skia.Gtk.csproj", "{6CE8233F-C18F-4B28-8A08-2E5FBA4BC1F6}"
EndProject
Project("{FAE04EC0-301F-11D3-BF4B-00C04F79EFBC}") = "CastPod.Skia.Tizen", "CastPod\CastPod.Skia.Tizen\CastPod.Skia.Tizen.csproj", "{F37219E5-AF56-4D42-BCC9-CBBE8240E1B6}"
EndProject
Global
	GlobalSection(SharedMSBuildProjectFiles) = preSolution
		CastPod\CastPod.Shared\CastPod.Shared.projitems*{0ef5a705-6976-41ea-bec8-0f8afaaaf275}*SharedItemsImports = 4
		CastPod\CastPod.Shared\CastPod.Shared.projitems*{6279c845-92f8-4333-ab99-3d213163593c}*SharedItemsImports = 13
		CastPod\CastPod.Shared\CastPod.Shared.projitems*{6ce8233f-c18f-4b28-8a08-2e5fba4bc1f6}*SharedItemsImports = 5
		CastPod\CastPod.Shared\CastPod.Shared.projitems*{9787ad47-4e5e-4b36-a072-cdc47989546b}*SharedItemsImports = 5
		CastPod\CastPod.Shared\CastPod.Shared.projitems*{b18faaa2-4fa5-4d5c-9d20-3ecfc5c86739}*SharedItemsImports = 5
		CastPod\CastPod.Shared\CastPod.Shared.projitems*{b32543ab-e0f6-4b12-b447-0c05b4690314}*SharedItemsImports = 4
		CastPod\CastPod.Shared\CastPod.Shared.projitems*{b7f4244c-1ab9-48cf-927b-65200922d53b}*SharedItemsImports = 4
		CastPod\CastPod.Shared\CastPod.Shared.projitems*{e69e7336-26ff-409d-998c-9085fea65028}*SharedItemsImports = 4
		CastPod\CastPod.Shared\CastPod.Shared.projitems*{f37219e5-af56-4d42-bcc9-cbbe8240e1b6}*SharedItemsImports = 5
	EndGlobalSection
	GlobalSection(SolutionConfigurationPlatforms) = preSolution
		Ad-Hoc|Any CPU = Ad-Hoc|Any CPU
		Ad-Hoc|ARM = Ad-Hoc|ARM
		Ad-Hoc|ARM64 = Ad-Hoc|ARM64
		Ad-Hoc|iPhone = Ad-Hoc|iPhone
		Ad-Hoc|iPhoneSimulator = Ad-Hoc|iPhoneSimulator
		Ad-Hoc|x64 = Ad-Hoc|x64
		Ad-Hoc|x86 = Ad-Hoc|x86
		AppStore|Any CPU = AppStore|Any CPU
		AppStore|ARM = AppStore|ARM
		AppStore|ARM64 = AppStore|ARM64
		AppStore|iPhone = AppStore|iPhone
		AppStore|iPhoneSimulator = AppStore|iPhoneSimulator
		AppStore|x64 = AppStore|x64
		AppStore|x86 = AppStore|x86
		Debug|Any CPU = Debug|Any CPU
		Debug|ARM = Debug|ARM
		Debug|ARM64 = Debug|ARM64
		Debug|iPhone = Debug|iPhone
		Debug|iPhoneSimulator = Debug|iPhoneSimulator
		Debug|x64 = Debug|x64
		Debug|x86 = Debug|x86
		Release|Any CPU = Release|Any CPU
		Release|ARM = Release|ARM
		Release|ARM64 = Release|ARM64
		Release|iPhone = Release|iPhone
		Release|iPhoneSimulator = Release|iPhoneSimulator
		Release|x64 = Release|x64
		Release|x86 = Release|x86
	EndGlobalSection
	GlobalSection(ProjectConfigurationPlatforms) = postSolution
		{B7F4244C-1AB9-48CF-927B-65200922D53B}.Ad-Hoc|Any CPU.ActiveCfg = Debug|Any CPU
		{B7F4244C-1AB9-48CF-927B-65200922D53B}.Ad-Hoc|Any CPU.Build.0 = Debug|Any CPU
		{B7F4244C-1AB9-48CF-927B-65200922D53B}.Ad-Hoc|Any CPU.Deploy.0 = Debug|Any CPU
		{B7F4244C-1AB9-48CF-927B-65200922D53B}.Ad-Hoc|ARM.ActiveCfg = Debug|Any CPU
		{B7F4244C-1AB9-48CF-927B-65200922D53B}.Ad-Hoc|ARM.Build.0 = Debug|Any CPU
		{B7F4244C-1AB9-48CF-927B-65200922D53B}.Ad-Hoc|ARM.Deploy.0 = Debug|Any CPU
		{B7F4244C-1AB9-48CF-927B-65200922D53B}.Ad-Hoc|ARM64.ActiveCfg = Debug|Any CPU
		{B7F4244C-1AB9-48CF-927B-65200922D53B}.Ad-Hoc|ARM64.Build.0 = Debug|Any CPU
		{B7F4244C-1AB9-48CF-927B-65200922D53B}.Ad-Hoc|ARM64.Deploy.0 = Debug|Any CPU
		{B7F4244C-1AB9-48CF-927B-65200922D53B}.Ad-Hoc|iPhone.ActiveCfg = Debug|Any CPU
		{B7F4244C-1AB9-48CF-927B-65200922D53B}.Ad-Hoc|iPhone.Build.0 = Debug|Any CPU
		{B7F4244C-1AB9-48CF-927B-65200922D53B}.Ad-Hoc|iPhone.Deploy.0 = Debug|Any CPU
		{B7F4244C-1AB9-48CF-927B-65200922D53B}.Ad-Hoc|iPhoneSimulator.ActiveCfg = Debug|Any CPU
		{B7F4244C-1AB9-48CF-927B-65200922D53B}.Ad-Hoc|iPhoneSimulator.Build.0 = Debug|Any CPU
		{B7F4244C-1AB9-48CF-927B-65200922D53B}.Ad-Hoc|iPhoneSimulator.Deploy.0 = Debug|Any CPU
		{B7F4244C-1AB9-48CF-927B-65200922D53B}.Ad-Hoc|x64.ActiveCfg = Debug|Any CPU
		{B7F4244C-1AB9-48CF-927B-65200922D53B}.Ad-Hoc|x64.Build.0 = Debug|Any CPU
		{B7F4244C-1AB9-48CF-927B-65200922D53B}.Ad-Hoc|x64.Deploy.0 = Debug|Any CPU
		{B7F4244C-1AB9-48CF-927B-65200922D53B}.Ad-Hoc|x86.ActiveCfg = Debug|Any CPU
		{B7F4244C-1AB9-48CF-927B-65200922D53B}.Ad-Hoc|x86.Build.0 = Debug|Any CPU
		{B7F4244C-1AB9-48CF-927B-65200922D53B}.Ad-Hoc|x86.Deploy.0 = Debug|Any CPU
		{B7F4244C-1AB9-48CF-927B-65200922D53B}.AppStore|Any CPU.ActiveCfg = Debug|Any CPU
		{B7F4244C-1AB9-48CF-927B-65200922D53B}.AppStore|Any CPU.Build.0 = Debug|Any CPU
		{B7F4244C-1AB9-48CF-927B-65200922D53B}.AppStore|Any CPU.Deploy.0 = Debug|Any CPU
		{B7F4244C-1AB9-48CF-927B-65200922D53B}.AppStore|ARM.ActiveCfg = Debug|Any CPU
		{B7F4244C-1AB9-48CF-927B-65200922D53B}.AppStore|ARM.Build.0 = Debug|Any CPU
		{B7F4244C-1AB9-48CF-927B-65200922D53B}.AppStore|ARM.Deploy.0 = Debug|Any CPU
		{B7F4244C-1AB9-48CF-927B-65200922D53B}.AppStore|ARM64.ActiveCfg = Debug|Any CPU
		{B7F4244C-1AB9-48CF-927B-65200922D53B}.AppStore|ARM64.Build.0 = Debug|Any CPU
		{B7F4244C-1AB9-48CF-927B-65200922D53B}.AppStore|ARM64.Deploy.0 = Debug|Any CPU
		{B7F4244C-1AB9-48CF-927B-65200922D53B}.AppStore|iPhone.ActiveCfg = Debug|Any CPU
		{B7F4244C-1AB9-48CF-927B-65200922D53B}.AppStore|iPhone.Build.0 = Debug|Any CPU
		{B7F4244C-1AB9-48CF-927B-65200922D53B}.AppStore|iPhone.Deploy.0 = Debug|Any CPU
		{B7F4244C-1AB9-48CF-927B-65200922D53B}.AppStore|iPhoneSimulator.ActiveCfg = Debug|Any CPU
		{B7F4244C-1AB9-48CF-927B-65200922D53B}.AppStore|iPhoneSimulator.Build.0 = Debug|Any CPU
		{B7F4244C-1AB9-48CF-927B-65200922D53B}.AppStore|iPhoneSimulator.Deploy.0 = Debug|Any CPU
		{B7F4244C-1AB9-48CF-927B-65200922D53B}.AppStore|x64.ActiveCfg = Debug|Any CPU
		{B7F4244C-1AB9-48CF-927B-65200922D53B}.AppStore|x64.Build.0 = Debug|Any CPU
		{B7F4244C-1AB9-48CF-927B-65200922D53B}.AppStore|x64.Deploy.0 = Debug|Any CPU
		{B7F4244C-1AB9-48CF-927B-65200922D53B}.AppStore|x86.ActiveCfg = Debug|Any CPU
		{B7F4244C-1AB9-48CF-927B-65200922D53B}.AppStore|x86.Build.0 = Debug|Any CPU
		{B7F4244C-1AB9-48CF-927B-65200922D53B}.AppStore|x86.Deploy.0 = Debug|Any CPU
		{B7F4244C-1AB9-48CF-927B-65200922D53B}.Debug|Any CPU.ActiveCfg = Debug|Any CPU
		{B7F4244C-1AB9-48CF-927B-65200922D53B}.Debug|Any CPU.Build.0 = Debug|Any CPU
		{B7F4244C-1AB9-48CF-927B-65200922D53B}.Debug|Any CPU.Deploy.0 = Debug|Any CPU
		{B7F4244C-1AB9-48CF-927B-65200922D53B}.Debug|ARM.ActiveCfg = Debug|Any CPU
		{B7F4244C-1AB9-48CF-927B-65200922D53B}.Debug|ARM.Build.0 = Debug|Any CPU
		{B7F4244C-1AB9-48CF-927B-65200922D53B}.Debug|ARM.Deploy.0 = Debug|Any CPU
		{B7F4244C-1AB9-48CF-927B-65200922D53B}.Debug|ARM64.ActiveCfg = Debug|Any CPU
		{B7F4244C-1AB9-48CF-927B-65200922D53B}.Debug|ARM64.Build.0 = Debug|Any CPU
		{B7F4244C-1AB9-48CF-927B-65200922D53B}.Debug|ARM64.Deploy.0 = Debug|Any CPU
		{B7F4244C-1AB9-48CF-927B-65200922D53B}.Debug|iPhone.ActiveCfg = Debug|Any CPU
		{B7F4244C-1AB9-48CF-927B-65200922D53B}.Debug|iPhone.Build.0 = Debug|Any CPU
		{B7F4244C-1AB9-48CF-927B-65200922D53B}.Debug|iPhone.Deploy.0 = Debug|Any CPU
		{B7F4244C-1AB9-48CF-927B-65200922D53B}.Debug|iPhoneSimulator.ActiveCfg = Debug|Any CPU
		{B7F4244C-1AB9-48CF-927B-65200922D53B}.Debug|iPhoneSimulator.Build.0 = Debug|Any CPU
		{B7F4244C-1AB9-48CF-927B-65200922D53B}.Debug|iPhoneSimulator.Deploy.0 = Debug|Any CPU
		{B7F4244C-1AB9-48CF-927B-65200922D53B}.Debug|x64.ActiveCfg = Debug|Any CPU
		{B7F4244C-1AB9-48CF-927B-65200922D53B}.Debug|x64.Build.0 = Debug|Any CPU
		{B7F4244C-1AB9-48CF-927B-65200922D53B}.Debug|x64.Deploy.0 = Debug|Any CPU
		{B7F4244C-1AB9-48CF-927B-65200922D53B}.Debug|x86.ActiveCfg = Debug|Any CPU
		{B7F4244C-1AB9-48CF-927B-65200922D53B}.Debug|x86.Build.0 = Debug|Any CPU
		{B7F4244C-1AB9-48CF-927B-65200922D53B}.Debug|x86.Deploy.0 = Debug|Any CPU
		{B7F4244C-1AB9-48CF-927B-65200922D53B}.Release|Any CPU.ActiveCfg = Release|Any CPU
		{B7F4244C-1AB9-48CF-927B-65200922D53B}.Release|Any CPU.Build.0 = Release|Any CPU
		{B7F4244C-1AB9-48CF-927B-65200922D53B}.Release|Any CPU.Deploy.0 = Release|Any CPU
		{B7F4244C-1AB9-48CF-927B-65200922D53B}.Release|ARM.ActiveCfg = Release|Any CPU
		{B7F4244C-1AB9-48CF-927B-65200922D53B}.Release|ARM.Build.0 = Release|Any CPU
		{B7F4244C-1AB9-48CF-927B-65200922D53B}.Release|ARM.Deploy.0 = Release|Any CPU
		{B7F4244C-1AB9-48CF-927B-65200922D53B}.Release|ARM64.ActiveCfg = Release|Any CPU
		{B7F4244C-1AB9-48CF-927B-65200922D53B}.Release|ARM64.Build.0 = Release|Any CPU
		{B7F4244C-1AB9-48CF-927B-65200922D53B}.Release|ARM64.Deploy.0 = Release|Any CPU
		{B7F4244C-1AB9-48CF-927B-65200922D53B}.Release|iPhone.ActiveCfg = Release|Any CPU
		{B7F4244C-1AB9-48CF-927B-65200922D53B}.Release|iPhone.Build.0 = Release|Any CPU
		{B7F4244C-1AB9-48CF-927B-65200922D53B}.Release|iPhone.Deploy.0 = Release|Any CPU
		{B7F4244C-1AB9-48CF-927B-65200922D53B}.Release|iPhoneSimulator.ActiveCfg = Release|Any CPU
		{B7F4244C-1AB9-48CF-927B-65200922D53B}.Release|iPhoneSimulator.Build.0 = Release|Any CPU
		{B7F4244C-1AB9-48CF-927B-65200922D53B}.Release|iPhoneSimulator.Deploy.0 = Release|Any CPU
		{B7F4244C-1AB9-48CF-927B-65200922D53B}.Release|x64.ActiveCfg = Release|Any CPU
		{B7F4244C-1AB9-48CF-927B-65200922D53B}.Release|x64.Build.0 = Release|Any CPU
		{B7F4244C-1AB9-48CF-927B-65200922D53B}.Release|x64.Deploy.0 = Release|Any CPU
		{B7F4244C-1AB9-48CF-927B-65200922D53B}.Release|x86.ActiveCfg = Release|Any CPU
		{B7F4244C-1AB9-48CF-927B-65200922D53B}.Release|x86.Build.0 = Release|Any CPU
		{B7F4244C-1AB9-48CF-927B-65200922D53B}.Release|x86.Deploy.0 = Release|Any CPU
		{E69E7336-26FF-409D-998C-9085FEA65028}.Ad-Hoc|Any CPU.ActiveCfg = Ad-Hoc|iPhoneSimulator
		{E69E7336-26FF-409D-998C-9085FEA65028}.Ad-Hoc|ARM.ActiveCfg = Ad-Hoc|iPhoneSimulator
		{E69E7336-26FF-409D-998C-9085FEA65028}.Ad-Hoc|ARM64.ActiveCfg = Ad-Hoc|iPhoneSimulator
		{E69E7336-26FF-409D-998C-9085FEA65028}.Ad-Hoc|iPhone.ActiveCfg = Ad-Hoc|iPhone
		{E69E7336-26FF-409D-998C-9085FEA65028}.Ad-Hoc|iPhone.Build.0 = Ad-Hoc|iPhone
		{E69E7336-26FF-409D-998C-9085FEA65028}.Ad-Hoc|iPhoneSimulator.ActiveCfg = Ad-Hoc|iPhoneSimulator
		{E69E7336-26FF-409D-998C-9085FEA65028}.Ad-Hoc|iPhoneSimulator.Build.0 = Ad-Hoc|iPhoneSimulator
		{E69E7336-26FF-409D-998C-9085FEA65028}.Ad-Hoc|x64.ActiveCfg = Ad-Hoc|iPhoneSimulator
		{E69E7336-26FF-409D-998C-9085FEA65028}.Ad-Hoc|x86.ActiveCfg = Ad-Hoc|iPhoneSimulator
		{E69E7336-26FF-409D-998C-9085FEA65028}.AppStore|Any CPU.ActiveCfg = AppStore|iPhoneSimulator
		{E69E7336-26FF-409D-998C-9085FEA65028}.AppStore|ARM.ActiveCfg = AppStore|iPhoneSimulator
		{E69E7336-26FF-409D-998C-9085FEA65028}.AppStore|ARM64.ActiveCfg = AppStore|iPhoneSimulator
		{E69E7336-26FF-409D-998C-9085FEA65028}.AppStore|iPhone.ActiveCfg = AppStore|iPhone
		{E69E7336-26FF-409D-998C-9085FEA65028}.AppStore|iPhone.Build.0 = AppStore|iPhone
		{E69E7336-26FF-409D-998C-9085FEA65028}.AppStore|iPhoneSimulator.ActiveCfg = AppStore|iPhoneSimulator
		{E69E7336-26FF-409D-998C-9085FEA65028}.AppStore|iPhoneSimulator.Build.0 = AppStore|iPhoneSimulator
		{E69E7336-26FF-409D-998C-9085FEA65028}.AppStore|x64.ActiveCfg = AppStore|iPhoneSimulator
		{E69E7336-26FF-409D-998C-9085FEA65028}.AppStore|x86.ActiveCfg = AppStore|iPhoneSimulator
		{E69E7336-26FF-409D-998C-9085FEA65028}.Debug|Any CPU.ActiveCfg = Debug|iPhoneSimulator
		{E69E7336-26FF-409D-998C-9085FEA65028}.Debug|ARM.ActiveCfg = Debug|iPhoneSimulator
		{E69E7336-26FF-409D-998C-9085FEA65028}.Debug|ARM64.ActiveCfg = Debug|iPhoneSimulator
		{E69E7336-26FF-409D-998C-9085FEA65028}.Debug|iPhone.ActiveCfg = Debug|iPhone
		{E69E7336-26FF-409D-998C-9085FEA65028}.Debug|iPhone.Build.0 = Debug|iPhone
		{E69E7336-26FF-409D-998C-9085FEA65028}.Debug|iPhoneSimulator.ActiveCfg = Debug|iPhoneSimulator
		{E69E7336-26FF-409D-998C-9085FEA65028}.Debug|iPhoneSimulator.Build.0 = Debug|iPhoneSimulator
		{E69E7336-26FF-409D-998C-9085FEA65028}.Debug|x64.ActiveCfg = Debug|iPhoneSimulator
		{E69E7336-26FF-409D-998C-9085FEA65028}.Debug|x86.ActiveCfg = Debug|iPhoneSimulator
		{E69E7336-26FF-409D-998C-9085FEA65028}.Release|Any CPU.ActiveCfg = Release|iPhoneSimulator
		{E69E7336-26FF-409D-998C-9085FEA65028}.Release|ARM.ActiveCfg = Release|iPhoneSimulator
		{E69E7336-26FF-409D-998C-9085FEA65028}.Release|ARM64.ActiveCfg = Release|iPhoneSimulator
		{E69E7336-26FF-409D-998C-9085FEA65028}.Release|iPhone.ActiveCfg = Release|iPhone
		{E69E7336-26FF-409D-998C-9085FEA65028}.Release|iPhone.Build.0 = Release|iPhone
		{E69E7336-26FF-409D-998C-9085FEA65028}.Release|iPhoneSimulator.ActiveCfg = Release|iPhoneSimulator
		{E69E7336-26FF-409D-998C-9085FEA65028}.Release|iPhoneSimulator.Build.0 = Release|iPhoneSimulator
		{E69E7336-26FF-409D-998C-9085FEA65028}.Release|x64.ActiveCfg = Release|iPhoneSimulator
		{E69E7336-26FF-409D-998C-9085FEA65028}.Release|x86.ActiveCfg = Release|iPhoneSimulator
		{0EF5A705-6976-41EA-BEC8-0F8AFAAAF275}.Ad-Hoc|Any CPU.ActiveCfg = Debug|x86
		{0EF5A705-6976-41EA-BEC8-0F8AFAAAF275}.Ad-Hoc|Any CPU.Build.0 = Debug|x86
		{0EF5A705-6976-41EA-BEC8-0F8AFAAAF275}.Ad-Hoc|Any CPU.Deploy.0 = Debug|x86
		{0EF5A705-6976-41EA-BEC8-0F8AFAAAF275}.Ad-Hoc|ARM.ActiveCfg = Debug|ARM
		{0EF5A705-6976-41EA-BEC8-0F8AFAAAF275}.Ad-Hoc|ARM.Build.0 = Debug|ARM
		{0EF5A705-6976-41EA-BEC8-0F8AFAAAF275}.Ad-Hoc|ARM.Deploy.0 = Debug|ARM
		{0EF5A705-6976-41EA-BEC8-0F8AFAAAF275}.Ad-Hoc|ARM64.ActiveCfg = Debug|ARM64
		{0EF5A705-6976-41EA-BEC8-0F8AFAAAF275}.Ad-Hoc|ARM64.Build.0 = Debug|ARM64
		{0EF5A705-6976-41EA-BEC8-0F8AFAAAF275}.Ad-Hoc|ARM64.Deploy.0 = Debug|ARM64
		{0EF5A705-6976-41EA-BEC8-0F8AFAAAF275}.Ad-Hoc|iPhone.ActiveCfg = Debug|x86
		{0EF5A705-6976-41EA-BEC8-0F8AFAAAF275}.Ad-Hoc|iPhone.Build.0 = Debug|x86
		{0EF5A705-6976-41EA-BEC8-0F8AFAAAF275}.Ad-Hoc|iPhone.Deploy.0 = Debug|x86
		{0EF5A705-6976-41EA-BEC8-0F8AFAAAF275}.Ad-Hoc|iPhoneSimulator.ActiveCfg = Debug|x86
		{0EF5A705-6976-41EA-BEC8-0F8AFAAAF275}.Ad-Hoc|iPhoneSimulator.Build.0 = Debug|x86
		{0EF5A705-6976-41EA-BEC8-0F8AFAAAF275}.Ad-Hoc|iPhoneSimulator.Deploy.0 = Debug|x86
		{0EF5A705-6976-41EA-BEC8-0F8AFAAAF275}.Ad-Hoc|x64.ActiveCfg = Debug|x64
		{0EF5A705-6976-41EA-BEC8-0F8AFAAAF275}.Ad-Hoc|x64.Build.0 = Debug|x64
		{0EF5A705-6976-41EA-BEC8-0F8AFAAAF275}.Ad-Hoc|x64.Deploy.0 = Debug|x64
		{0EF5A705-6976-41EA-BEC8-0F8AFAAAF275}.Ad-Hoc|x86.ActiveCfg = Debug|x86
		{0EF5A705-6976-41EA-BEC8-0F8AFAAAF275}.Ad-Hoc|x86.Build.0 = Debug|x86
		{0EF5A705-6976-41EA-BEC8-0F8AFAAAF275}.Ad-Hoc|x86.Deploy.0 = Debug|x86
		{0EF5A705-6976-41EA-BEC8-0F8AFAAAF275}.AppStore|Any CPU.ActiveCfg = Debug|x86
		{0EF5A705-6976-41EA-BEC8-0F8AFAAAF275}.AppStore|Any CPU.Build.0 = Debug|x86
		{0EF5A705-6976-41EA-BEC8-0F8AFAAAF275}.AppStore|Any CPU.Deploy.0 = Debug|x86
		{0EF5A705-6976-41EA-BEC8-0F8AFAAAF275}.AppStore|ARM.ActiveCfg = Debug|ARM
		{0EF5A705-6976-41EA-BEC8-0F8AFAAAF275}.AppStore|ARM.Build.0 = Debug|ARM
		{0EF5A705-6976-41EA-BEC8-0F8AFAAAF275}.AppStore|ARM.Deploy.0 = Debug|ARM
		{0EF5A705-6976-41EA-BEC8-0F8AFAAAF275}.AppStore|ARM64.ActiveCfg = Debug|ARM64
		{0EF5A705-6976-41EA-BEC8-0F8AFAAAF275}.AppStore|ARM64.Build.0 = Debug|ARM64
		{0EF5A705-6976-41EA-BEC8-0F8AFAAAF275}.AppStore|ARM64.Deploy.0 = Debug|ARM64
		{0EF5A705-6976-41EA-BEC8-0F8AFAAAF275}.AppStore|iPhone.ActiveCfg = Debug|x86
		{0EF5A705-6976-41EA-BEC8-0F8AFAAAF275}.AppStore|iPhone.Build.0 = Debug|x86
		{0EF5A705-6976-41EA-BEC8-0F8AFAAAF275}.AppStore|iPhone.Deploy.0 = Debug|x86
		{0EF5A705-6976-41EA-BEC8-0F8AFAAAF275}.AppStore|iPhoneSimulator.ActiveCfg = Debug|x86
		{0EF5A705-6976-41EA-BEC8-0F8AFAAAF275}.AppStore|iPhoneSimulator.Build.0 = Debug|x86
		{0EF5A705-6976-41EA-BEC8-0F8AFAAAF275}.AppStore|iPhoneSimulator.Deploy.0 = Debug|x86
		{0EF5A705-6976-41EA-BEC8-0F8AFAAAF275}.AppStore|x64.ActiveCfg = Debug|x64
		{0EF5A705-6976-41EA-BEC8-0F8AFAAAF275}.AppStore|x64.Build.0 = Debug|x64
		{0EF5A705-6976-41EA-BEC8-0F8AFAAAF275}.AppStore|x64.Deploy.0 = Debug|x64
		{0EF5A705-6976-41EA-BEC8-0F8AFAAAF275}.AppStore|x86.ActiveCfg = Debug|x86
		{0EF5A705-6976-41EA-BEC8-0F8AFAAAF275}.AppStore|x86.Build.0 = Debug|x86
		{0EF5A705-6976-41EA-BEC8-0F8AFAAAF275}.AppStore|x86.Deploy.0 = Debug|x86
		{0EF5A705-6976-41EA-BEC8-0F8AFAAAF275}.Debug|Any CPU.ActiveCfg = Debug|x86
		{0EF5A705-6976-41EA-BEC8-0F8AFAAAF275}.Debug|Any CPU.Build.0 = Debug|x86
		{0EF5A705-6976-41EA-BEC8-0F8AFAAAF275}.Debug|Any CPU.Deploy.0 = Debug|x86
		{0EF5A705-6976-41EA-BEC8-0F8AFAAAF275}.Debug|ARM.ActiveCfg = Debug|ARM
		{0EF5A705-6976-41EA-BEC8-0F8AFAAAF275}.Debug|ARM.Build.0 = Debug|ARM
		{0EF5A705-6976-41EA-BEC8-0F8AFAAAF275}.Debug|ARM.Deploy.0 = Debug|ARM
		{0EF5A705-6976-41EA-BEC8-0F8AFAAAF275}.Debug|ARM64.ActiveCfg = Debug|ARM64
		{0EF5A705-6976-41EA-BEC8-0F8AFAAAF275}.Debug|ARM64.Build.0 = Debug|ARM64
		{0EF5A705-6976-41EA-BEC8-0F8AFAAAF275}.Debug|ARM64.Deploy.0 = Debug|ARM64
		{0EF5A705-6976-41EA-BEC8-0F8AFAAAF275}.Debug|iPhone.ActiveCfg = Debug|x86
		{0EF5A705-6976-41EA-BEC8-0F8AFAAAF275}.Debug|iPhoneSimulator.ActiveCfg = Debug|x86
		{0EF5A705-6976-41EA-BEC8-0F8AFAAAF275}.Debug|x64.ActiveCfg = Debug|x64
		{0EF5A705-6976-41EA-BEC8-0F8AFAAAF275}.Debug|x64.Build.0 = Debug|x64
		{0EF5A705-6976-41EA-BEC8-0F8AFAAAF275}.Debug|x64.Deploy.0 = Debug|x64
		{0EF5A705-6976-41EA-BEC8-0F8AFAAAF275}.Debug|x86.ActiveCfg = Debug|x86
		{0EF5A705-6976-41EA-BEC8-0F8AFAAAF275}.Debug|x86.Build.0 = Debug|x86
		{0EF5A705-6976-41EA-BEC8-0F8AFAAAF275}.Debug|x86.Deploy.0 = Debug|x86
		{0EF5A705-6976-41EA-BEC8-0F8AFAAAF275}.Release|Any CPU.ActiveCfg = Release|x86
		{0EF5A705-6976-41EA-BEC8-0F8AFAAAF275}.Release|ARM.ActiveCfg = Release|ARM
		{0EF5A705-6976-41EA-BEC8-0F8AFAAAF275}.Release|ARM.Build.0 = Release|ARM
		{0EF5A705-6976-41EA-BEC8-0F8AFAAAF275}.Release|ARM.Deploy.0 = Release|ARM
		{0EF5A705-6976-41EA-BEC8-0F8AFAAAF275}.Release|ARM64.ActiveCfg = Release|ARM64
		{0EF5A705-6976-41EA-BEC8-0F8AFAAAF275}.Release|ARM64.Build.0 = Release|ARM64
		{0EF5A705-6976-41EA-BEC8-0F8AFAAAF275}.Release|ARM64.Deploy.0 = Release|ARM64
		{0EF5A705-6976-41EA-BEC8-0F8AFAAAF275}.Release|iPhone.ActiveCfg = Release|x86
		{0EF5A705-6976-41EA-BEC8-0F8AFAAAF275}.Release|iPhoneSimulator.ActiveCfg = Release|x86
		{0EF5A705-6976-41EA-BEC8-0F8AFAAAF275}.Release|x64.ActiveCfg = Release|x64
		{0EF5A705-6976-41EA-BEC8-0F8AFAAAF275}.Release|x64.Build.0 = Release|x64
		{0EF5A705-6976-41EA-BEC8-0F8AFAAAF275}.Release|x64.Deploy.0 = Release|x64
		{0EF5A705-6976-41EA-BEC8-0F8AFAAAF275}.Release|x86.ActiveCfg = Release|x86
		{0EF5A705-6976-41EA-BEC8-0F8AFAAAF275}.Release|x86.Build.0 = Release|x86
		{0EF5A705-6976-41EA-BEC8-0F8AFAAAF275}.Release|x86.Deploy.0 = Release|x86
		{9787AD47-4E5E-4B36-A072-CDC47989546B}.Ad-Hoc|Any CPU.ActiveCfg = Debug|Any CPU
		{9787AD47-4E5E-4B36-A072-CDC47989546B}.Ad-Hoc|Any CPU.Build.0 = Debug|Any CPU
		{9787AD47-4E5E-4B36-A072-CDC47989546B}.Ad-Hoc|ARM.ActiveCfg = Debug|Any CPU
		{9787AD47-4E5E-4B36-A072-CDC47989546B}.Ad-Hoc|ARM.Build.0 = Debug|Any CPU
		{9787AD47-4E5E-4B36-A072-CDC47989546B}.Ad-Hoc|ARM64.ActiveCfg = Debug|Any CPU
		{9787AD47-4E5E-4B36-A072-CDC47989546B}.Ad-Hoc|ARM64.Build.0 = Debug|Any CPU
		{9787AD47-4E5E-4B36-A072-CDC47989546B}.Ad-Hoc|iPhone.ActiveCfg = Debug|Any CPU
		{9787AD47-4E5E-4B36-A072-CDC47989546B}.Ad-Hoc|iPhone.Build.0 = Debug|Any CPU
		{9787AD47-4E5E-4B36-A072-CDC47989546B}.Ad-Hoc|iPhoneSimulator.ActiveCfg = Debug|Any CPU
		{9787AD47-4E5E-4B36-A072-CDC47989546B}.Ad-Hoc|iPhoneSimulator.Build.0 = Debug|Any CPU
		{9787AD47-4E5E-4B36-A072-CDC47989546B}.Ad-Hoc|x64.ActiveCfg = Debug|Any CPU
		{9787AD47-4E5E-4B36-A072-CDC47989546B}.Ad-Hoc|x64.Build.0 = Debug|Any CPU
		{9787AD47-4E5E-4B36-A072-CDC47989546B}.Ad-Hoc|x86.ActiveCfg = Debug|Any CPU
		{9787AD47-4E5E-4B36-A072-CDC47989546B}.Ad-Hoc|x86.Build.0 = Debug|Any CPU
		{9787AD47-4E5E-4B36-A072-CDC47989546B}.AppStore|Any CPU.ActiveCfg = Debug|Any CPU
		{9787AD47-4E5E-4B36-A072-CDC47989546B}.AppStore|Any CPU.Build.0 = Debug|Any CPU
		{9787AD47-4E5E-4B36-A072-CDC47989546B}.AppStore|ARM.ActiveCfg = Debug|Any CPU
		{9787AD47-4E5E-4B36-A072-CDC47989546B}.AppStore|ARM.Build.0 = Debug|Any CPU
		{9787AD47-4E5E-4B36-A072-CDC47989546B}.AppStore|ARM64.ActiveCfg = Debug|Any CPU
		{9787AD47-4E5E-4B36-A072-CDC47989546B}.AppStore|ARM64.Build.0 = Debug|Any CPU
		{9787AD47-4E5E-4B36-A072-CDC47989546B}.AppStore|iPhone.ActiveCfg = Debug|Any CPU
		{9787AD47-4E5E-4B36-A072-CDC47989546B}.AppStore|iPhone.Build.0 = Debug|Any CPU
		{9787AD47-4E5E-4B36-A072-CDC47989546B}.AppStore|iPhoneSimulator.ActiveCfg = Debug|Any CPU
		{9787AD47-4E5E-4B36-A072-CDC47989546B}.AppStore|iPhoneSimulator.Build.0 = Debug|Any CPU
		{9787AD47-4E5E-4B36-A072-CDC47989546B}.AppStore|x64.ActiveCfg = Debug|Any CPU
		{9787AD47-4E5E-4B36-A072-CDC47989546B}.AppStore|x64.Build.0 = Debug|Any CPU
		{9787AD47-4E5E-4B36-A072-CDC47989546B}.AppStore|x86.ActiveCfg = Debug|Any CPU
		{9787AD47-4E5E-4B36-A072-CDC47989546B}.AppStore|x86.Build.0 = Debug|Any CPU
		{9787AD47-4E5E-4B36-A072-CDC47989546B}.Debug|Any CPU.ActiveCfg = Debug|Any CPU
		{9787AD47-4E5E-4B36-A072-CDC47989546B}.Debug|Any CPU.Build.0 = Debug|Any CPU
		{9787AD47-4E5E-4B36-A072-CDC47989546B}.Debug|ARM.ActiveCfg = Debug|Any CPU
		{9787AD47-4E5E-4B36-A072-CDC47989546B}.Debug|ARM.Build.0 = Debug|Any CPU
		{9787AD47-4E5E-4B36-A072-CDC47989546B}.Debug|ARM64.ActiveCfg = Debug|Any CPU
		{9787AD47-4E5E-4B36-A072-CDC47989546B}.Debug|ARM64.Build.0 = Debug|Any CPU
		{9787AD47-4E5E-4B36-A072-CDC47989546B}.Debug|iPhone.ActiveCfg = Debug|Any CPU
		{9787AD47-4E5E-4B36-A072-CDC47989546B}.Debug|iPhone.Build.0 = Debug|Any CPU
		{9787AD47-4E5E-4B36-A072-CDC47989546B}.Debug|iPhoneSimulator.ActiveCfg = Debug|Any CPU
		{9787AD47-4E5E-4B36-A072-CDC47989546B}.Debug|iPhoneSimulator.Build.0 = Debug|Any CPU
		{9787AD47-4E5E-4B36-A072-CDC47989546B}.Debug|x64.ActiveCfg = Debug|Any CPU
		{9787AD47-4E5E-4B36-A072-CDC47989546B}.Debug|x64.Build.0 = Debug|Any CPU
		{9787AD47-4E5E-4B36-A072-CDC47989546B}.Debug|x86.ActiveCfg = Debug|Any CPU
		{9787AD47-4E5E-4B36-A072-CDC47989546B}.Debug|x86.Build.0 = Debug|Any CPU
		{9787AD47-4E5E-4B36-A072-CDC47989546B}.Release|Any CPU.ActiveCfg = Release|Any CPU
		{9787AD47-4E5E-4B36-A072-CDC47989546B}.Release|Any CPU.Build.0 = Release|Any CPU
		{9787AD47-4E5E-4B36-A072-CDC47989546B}.Release|ARM.ActiveCfg = Release|Any CPU
		{9787AD47-4E5E-4B36-A072-CDC47989546B}.Release|ARM.Build.0 = Release|Any CPU
		{9787AD47-4E5E-4B36-A072-CDC47989546B}.Release|ARM64.ActiveCfg = Release|Any CPU
		{9787AD47-4E5E-4B36-A072-CDC47989546B}.Release|ARM64.Build.0 = Release|Any CPU
		{9787AD47-4E5E-4B36-A072-CDC47989546B}.Release|iPhone.ActiveCfg = Release|Any CPU
		{9787AD47-4E5E-4B36-A072-CDC47989546B}.Release|iPhone.Build.0 = Release|Any CPU
		{9787AD47-4E5E-4B36-A072-CDC47989546B}.Release|iPhoneSimulator.ActiveCfg = Release|Any CPU
		{9787AD47-4E5E-4B36-A072-CDC47989546B}.Release|iPhoneSimulator.Build.0 = Release|Any CPU
		{9787AD47-4E5E-4B36-A072-CDC47989546B}.Release|x64.ActiveCfg = Release|Any CPU
		{9787AD47-4E5E-4B36-A072-CDC47989546B}.Release|x64.Build.0 = Release|Any CPU
		{9787AD47-4E5E-4B36-A072-CDC47989546B}.Release|x86.ActiveCfg = Release|Any CPU
		{9787AD47-4E5E-4B36-A072-CDC47989546B}.Release|x86.Build.0 = Release|Any CPU
		{B32543AB-E0F6-4B12-B447-0C05B4690314}.Ad-Hoc|Any CPU.ActiveCfg = Debug|iPhoneSimulator
		{B32543AB-E0F6-4B12-B447-0C05B4690314}.Ad-Hoc|Any CPU.Build.0 = Debug|iPhoneSimulator
		{B32543AB-E0F6-4B12-B447-0C05B4690314}.Ad-Hoc|ARM.ActiveCfg = Debug|iPhoneSimulator
		{B32543AB-E0F6-4B12-B447-0C05B4690314}.Ad-Hoc|ARM.Build.0 = Debug|iPhoneSimulator
		{B32543AB-E0F6-4B12-B447-0C05B4690314}.Ad-Hoc|ARM64.ActiveCfg = Debug|iPhoneSimulator
		{B32543AB-E0F6-4B12-B447-0C05B4690314}.Ad-Hoc|ARM64.Build.0 = Debug|iPhoneSimulator
		{B32543AB-E0F6-4B12-B447-0C05B4690314}.Ad-Hoc|iPhone.ActiveCfg = Debug|iPhoneSimulator
		{B32543AB-E0F6-4B12-B447-0C05B4690314}.Ad-Hoc|iPhone.Build.0 = Debug|iPhoneSimulator
		{B32543AB-E0F6-4B12-B447-0C05B4690314}.Ad-Hoc|iPhoneSimulator.ActiveCfg = Debug|iPhoneSimulator
		{B32543AB-E0F6-4B12-B447-0C05B4690314}.Ad-Hoc|iPhoneSimulator.Build.0 = Debug|iPhoneSimulator
		{B32543AB-E0F6-4B12-B447-0C05B4690314}.Ad-Hoc|x64.ActiveCfg = Debug|iPhoneSimulator
		{B32543AB-E0F6-4B12-B447-0C05B4690314}.Ad-Hoc|x64.Build.0 = Debug|iPhoneSimulator
		{B32543AB-E0F6-4B12-B447-0C05B4690314}.Ad-Hoc|x86.ActiveCfg = Debug|iPhoneSimulator
		{B32543AB-E0F6-4B12-B447-0C05B4690314}.Ad-Hoc|x86.Build.0 = Debug|iPhoneSimulator
		{B32543AB-E0F6-4B12-B447-0C05B4690314}.AppStore|Any CPU.ActiveCfg = Debug|iPhoneSimulator
		{B32543AB-E0F6-4B12-B447-0C05B4690314}.AppStore|Any CPU.Build.0 = Debug|iPhoneSimulator
		{B32543AB-E0F6-4B12-B447-0C05B4690314}.AppStore|ARM.ActiveCfg = Debug|iPhoneSimulator
		{B32543AB-E0F6-4B12-B447-0C05B4690314}.AppStore|ARM.Build.0 = Debug|iPhoneSimulator
		{B32543AB-E0F6-4B12-B447-0C05B4690314}.AppStore|ARM64.ActiveCfg = Debug|iPhoneSimulator
		{B32543AB-E0F6-4B12-B447-0C05B4690314}.AppStore|ARM64.Build.0 = Debug|iPhoneSimulator
		{B32543AB-E0F6-4B12-B447-0C05B4690314}.AppStore|iPhone.ActiveCfg = Debug|iPhoneSimulator
		{B32543AB-E0F6-4B12-B447-0C05B4690314}.AppStore|iPhone.Build.0 = Debug|iPhoneSimulator
		{B32543AB-E0F6-4B12-B447-0C05B4690314}.AppStore|iPhoneSimulator.ActiveCfg = Debug|iPhoneSimulator
		{B32543AB-E0F6-4B12-B447-0C05B4690314}.AppStore|iPhoneSimulator.Build.0 = Debug|iPhoneSimulator
		{B32543AB-E0F6-4B12-B447-0C05B4690314}.AppStore|x64.ActiveCfg = Debug|iPhoneSimulator
		{B32543AB-E0F6-4B12-B447-0C05B4690314}.AppStore|x64.Build.0 = Debug|iPhoneSimulator
		{B32543AB-E0F6-4B12-B447-0C05B4690314}.AppStore|x86.ActiveCfg = Debug|iPhoneSimulator
		{B32543AB-E0F6-4B12-B447-0C05B4690314}.AppStore|x86.Build.0 = Debug|iPhoneSimulator
		{B32543AB-E0F6-4B12-B447-0C05B4690314}.Debug|Any CPU.ActiveCfg = Debug|iPhoneSimulator
		{B32543AB-E0F6-4B12-B447-0C05B4690314}.Debug|ARM.ActiveCfg = Debug|iPhoneSimulator
		{B32543AB-E0F6-4B12-B447-0C05B4690314}.Debug|ARM64.ActiveCfg = Debug|iPhoneSimulator
		{B32543AB-E0F6-4B12-B447-0C05B4690314}.Debug|iPhone.ActiveCfg = Debug|iPhoneSimulator
		{B32543AB-E0F6-4B12-B447-0C05B4690314}.Debug|iPhoneSimulator.ActiveCfg = Debug|iPhoneSimulator
		{B32543AB-E0F6-4B12-B447-0C05B4690314}.Debug|iPhoneSimulator.Build.0 = Debug|iPhoneSimulator
		{B32543AB-E0F6-4B12-B447-0C05B4690314}.Debug|x64.ActiveCfg = Debug|iPhoneSimulator
		{B32543AB-E0F6-4B12-B447-0C05B4690314}.Debug|x86.ActiveCfg = Debug|iPhoneSimulator
		{B32543AB-E0F6-4B12-B447-0C05B4690314}.Release|Any CPU.ActiveCfg = Release|iPhoneSimulator
		{B32543AB-E0F6-4B12-B447-0C05B4690314}.Release|ARM.ActiveCfg = Release|iPhoneSimulator
		{B32543AB-E0F6-4B12-B447-0C05B4690314}.Release|ARM64.ActiveCfg = Release|iPhoneSimulator
		{B32543AB-E0F6-4B12-B447-0C05B4690314}.Release|iPhone.ActiveCfg = Release|iPhoneSimulator
		{B32543AB-E0F6-4B12-B447-0C05B4690314}.Release|iPhoneSimulator.ActiveCfg = Release|iPhoneSimulator
		{B32543AB-E0F6-4B12-B447-0C05B4690314}.Release|iPhoneSimulator.Build.0 = Release|iPhoneSimulator
		{B32543AB-E0F6-4B12-B447-0C05B4690314}.Release|x64.ActiveCfg = Release|iPhoneSimulator
		{B32543AB-E0F6-4B12-B447-0C05B4690314}.Release|x86.ActiveCfg = Release|iPhoneSimulator
		{A0D0C657-2060-4924-91D0-04D0ADBFB87E}.Ad-Hoc|Any CPU.ActiveCfg = Debug|Any CPU
		{A0D0C657-2060-4924-91D0-04D0ADBFB87E}.Ad-Hoc|Any CPU.Build.0 = Debug|Any CPU
		{A0D0C657-2060-4924-91D0-04D0ADBFB87E}.Ad-Hoc|ARM.ActiveCfg = Debug|Any CPU
		{A0D0C657-2060-4924-91D0-04D0ADBFB87E}.Ad-Hoc|ARM.Build.0 = Debug|Any CPU
		{A0D0C657-2060-4924-91D0-04D0ADBFB87E}.Ad-Hoc|ARM64.ActiveCfg = Debug|Any CPU
		{A0D0C657-2060-4924-91D0-04D0ADBFB87E}.Ad-Hoc|ARM64.Build.0 = Debug|Any CPU
		{A0D0C657-2060-4924-91D0-04D0ADBFB87E}.Ad-Hoc|iPhone.ActiveCfg = Debug|Any CPU
		{A0D0C657-2060-4924-91D0-04D0ADBFB87E}.Ad-Hoc|iPhone.Build.0 = Debug|Any CPU
		{A0D0C657-2060-4924-91D0-04D0ADBFB87E}.Ad-Hoc|iPhoneSimulator.ActiveCfg = Debug|Any CPU
		{A0D0C657-2060-4924-91D0-04D0ADBFB87E}.Ad-Hoc|iPhoneSimulator.Build.0 = Debug|Any CPU
		{A0D0C657-2060-4924-91D0-04D0ADBFB87E}.Ad-Hoc|x64.ActiveCfg = Debug|Any CPU
		{A0D0C657-2060-4924-91D0-04D0ADBFB87E}.Ad-Hoc|x64.Build.0 = Debug|Any CPU
		{A0D0C657-2060-4924-91D0-04D0ADBFB87E}.Ad-Hoc|x86.ActiveCfg = Debug|Any CPU
		{A0D0C657-2060-4924-91D0-04D0ADBFB87E}.Ad-Hoc|x86.Build.0 = Debug|Any CPU
		{A0D0C657-2060-4924-91D0-04D0ADBFB87E}.AppStore|Any CPU.ActiveCfg = Debug|Any CPU
		{A0D0C657-2060-4924-91D0-04D0ADBFB87E}.AppStore|Any CPU.Build.0 = Debug|Any CPU
		{A0D0C657-2060-4924-91D0-04D0ADBFB87E}.AppStore|ARM.ActiveCfg = Debug|Any CPU
		{A0D0C657-2060-4924-91D0-04D0ADBFB87E}.AppStore|ARM.Build.0 = Debug|Any CPU
		{A0D0C657-2060-4924-91D0-04D0ADBFB87E}.AppStore|ARM64.ActiveCfg = Debug|Any CPU
		{A0D0C657-2060-4924-91D0-04D0ADBFB87E}.AppStore|ARM64.Build.0 = Debug|Any CPU
		{A0D0C657-2060-4924-91D0-04D0ADBFB87E}.AppStore|iPhone.ActiveCfg = Debug|Any CPU
		{A0D0C657-2060-4924-91D0-04D0ADBFB87E}.AppStore|iPhone.Build.0 = Debug|Any CPU
		{A0D0C657-2060-4924-91D0-04D0ADBFB87E}.AppStore|iPhoneSimulator.ActiveCfg = Debug|Any CPU
		{A0D0C657-2060-4924-91D0-04D0ADBFB87E}.AppStore|iPhoneSimulator.Build.0 = Debug|Any CPU
		{A0D0C657-2060-4924-91D0-04D0ADBFB87E}.AppStore|x64.ActiveCfg = Debug|Any CPU
		{A0D0C657-2060-4924-91D0-04D0ADBFB87E}.AppStore|x64.Build.0 = Debug|Any CPU
		{A0D0C657-2060-4924-91D0-04D0ADBFB87E}.AppStore|x86.ActiveCfg = Debug|Any CPU
		{A0D0C657-2060-4924-91D0-04D0ADBFB87E}.AppStore|x86.Build.0 = Debug|Any CPU
		{A0D0C657-2060-4924-91D0-04D0ADBFB87E}.Debug|Any CPU.ActiveCfg = Debug|Any CPU
		{A0D0C657-2060-4924-91D0-04D0ADBFB87E}.Debug|Any CPU.Build.0 = Debug|Any CPU
		{A0D0C657-2060-4924-91D0-04D0ADBFB87E}.Debug|ARM.ActiveCfg = Debug|Any CPU
		{A0D0C657-2060-4924-91D0-04D0ADBFB87E}.Debug|ARM.Build.0 = Debug|Any CPU
		{A0D0C657-2060-4924-91D0-04D0ADBFB87E}.Debug|ARM64.ActiveCfg = Debug|Any CPU
		{A0D0C657-2060-4924-91D0-04D0ADBFB87E}.Debug|ARM64.Build.0 = Debug|Any CPU
		{A0D0C657-2060-4924-91D0-04D0ADBFB87E}.Debug|iPhone.ActiveCfg = Debug|Any CPU
		{A0D0C657-2060-4924-91D0-04D0ADBFB87E}.Debug|iPhone.Build.0 = Debug|Any CPU
		{A0D0C657-2060-4924-91D0-04D0ADBFB87E}.Debug|iPhoneSimulator.ActiveCfg = Debug|Any CPU
		{A0D0C657-2060-4924-91D0-04D0ADBFB87E}.Debug|iPhoneSimulator.Build.0 = Debug|Any CPU
		{A0D0C657-2060-4924-91D0-04D0ADBFB87E}.Debug|x64.ActiveCfg = Debug|Any CPU
		{A0D0C657-2060-4924-91D0-04D0ADBFB87E}.Debug|x64.Build.0 = Debug|Any CPU
		{A0D0C657-2060-4924-91D0-04D0ADBFB87E}.Debug|x86.ActiveCfg = Debug|Any CPU
		{A0D0C657-2060-4924-91D0-04D0ADBFB87E}.Debug|x86.Build.0 = Debug|Any CPU
		{A0D0C657-2060-4924-91D0-04D0ADBFB87E}.Release|Any CPU.ActiveCfg = Release|Any CPU
		{A0D0C657-2060-4924-91D0-04D0ADBFB87E}.Release|Any CPU.Build.0 = Release|Any CPU
		{A0D0C657-2060-4924-91D0-04D0ADBFB87E}.Release|ARM.ActiveCfg = Release|Any CPU
		{A0D0C657-2060-4924-91D0-04D0ADBFB87E}.Release|ARM.Build.0 = Release|Any CPU
		{A0D0C657-2060-4924-91D0-04D0ADBFB87E}.Release|ARM64.ActiveCfg = Release|Any CPU
		{A0D0C657-2060-4924-91D0-04D0ADBFB87E}.Release|ARM64.Build.0 = Release|Any CPU
		{A0D0C657-2060-4924-91D0-04D0ADBFB87E}.Release|iPhone.ActiveCfg = Release|Any CPU
		{A0D0C657-2060-4924-91D0-04D0ADBFB87E}.Release|iPhone.Build.0 = Release|Any CPU
		{A0D0C657-2060-4924-91D0-04D0ADBFB87E}.Release|iPhoneSimulator.ActiveCfg = Release|Any CPU
		{A0D0C657-2060-4924-91D0-04D0ADBFB87E}.Release|iPhoneSimulator.Build.0 = Release|Any CPU
		{A0D0C657-2060-4924-91D0-04D0ADBFB87E}.Release|x64.ActiveCfg = Release|Any CPU
		{A0D0C657-2060-4924-91D0-04D0ADBFB87E}.Release|x64.Build.0 = Release|Any CPU
		{A0D0C657-2060-4924-91D0-04D0ADBFB87E}.Release|x86.ActiveCfg = Release|Any CPU
		{A0D0C657-2060-4924-91D0-04D0ADBFB87E}.Release|x86.Build.0 = Release|Any CPU
		{B18FAAA2-4FA5-4D5C-9D20-3ECFC5C86739}.Ad-Hoc|Any CPU.ActiveCfg = Debug|Any CPU
		{B18FAAA2-4FA5-4D5C-9D20-3ECFC5C86739}.Ad-Hoc|Any CPU.Build.0 = Debug|Any CPU
		{B18FAAA2-4FA5-4D5C-9D20-3ECFC5C86739}.Ad-Hoc|ARM.ActiveCfg = Debug|Any CPU
		{B18FAAA2-4FA5-4D5C-9D20-3ECFC5C86739}.Ad-Hoc|ARM.Build.0 = Debug|Any CPU
		{B18FAAA2-4FA5-4D5C-9D20-3ECFC5C86739}.Ad-Hoc|ARM64.ActiveCfg = Debug|Any CPU
		{B18FAAA2-4FA5-4D5C-9D20-3ECFC5C86739}.Ad-Hoc|ARM64.Build.0 = Debug|Any CPU
		{B18FAAA2-4FA5-4D5C-9D20-3ECFC5C86739}.Ad-Hoc|iPhone.ActiveCfg = Debug|Any CPU
		{B18FAAA2-4FA5-4D5C-9D20-3ECFC5C86739}.Ad-Hoc|iPhone.Build.0 = Debug|Any CPU
		{B18FAAA2-4FA5-4D5C-9D20-3ECFC5C86739}.Ad-Hoc|iPhoneSimulator.ActiveCfg = Debug|Any CPU
		{B18FAAA2-4FA5-4D5C-9D20-3ECFC5C86739}.Ad-Hoc|iPhoneSimulator.Build.0 = Debug|Any CPU
		{B18FAAA2-4FA5-4D5C-9D20-3ECFC5C86739}.Ad-Hoc|x64.ActiveCfg = Debug|Any CPU
		{B18FAAA2-4FA5-4D5C-9D20-3ECFC5C86739}.Ad-Hoc|x64.Build.0 = Debug|Any CPU
		{B18FAAA2-4FA5-4D5C-9D20-3ECFC5C86739}.Ad-Hoc|x86.ActiveCfg = Debug|Any CPU
		{B18FAAA2-4FA5-4D5C-9D20-3ECFC5C86739}.Ad-Hoc|x86.Build.0 = Debug|Any CPU
		{B18FAAA2-4FA5-4D5C-9D20-3ECFC5C86739}.AppStore|Any CPU.ActiveCfg = Debug|Any CPU
		{B18FAAA2-4FA5-4D5C-9D20-3ECFC5C86739}.AppStore|Any CPU.Build.0 = Debug|Any CPU
		{B18FAAA2-4FA5-4D5C-9D20-3ECFC5C86739}.AppStore|ARM.ActiveCfg = Debug|Any CPU
		{B18FAAA2-4FA5-4D5C-9D20-3ECFC5C86739}.AppStore|ARM.Build.0 = Debug|Any CPU
		{B18FAAA2-4FA5-4D5C-9D20-3ECFC5C86739}.AppStore|ARM64.ActiveCfg = Debug|Any CPU
		{B18FAAA2-4FA5-4D5C-9D20-3ECFC5C86739}.AppStore|ARM64.Build.0 = Debug|Any CPU
		{B18FAAA2-4FA5-4D5C-9D20-3ECFC5C86739}.AppStore|iPhone.ActiveCfg = Debug|Any CPU
		{B18FAAA2-4FA5-4D5C-9D20-3ECFC5C86739}.AppStore|iPhone.Build.0 = Debug|Any CPU
		{B18FAAA2-4FA5-4D5C-9D20-3ECFC5C86739}.AppStore|iPhoneSimulator.ActiveCfg = Debug|Any CPU
		{B18FAAA2-4FA5-4D5C-9D20-3ECFC5C86739}.AppStore|iPhoneSimulator.Build.0 = Debug|Any CPU
		{B18FAAA2-4FA5-4D5C-9D20-3ECFC5C86739}.AppStore|x64.ActiveCfg = Debug|Any CPU
		{B18FAAA2-4FA5-4D5C-9D20-3ECFC5C86739}.AppStore|x64.Build.0 = Debug|Any CPU
		{B18FAAA2-4FA5-4D5C-9D20-3ECFC5C86739}.AppStore|x86.ActiveCfg = Debug|Any CPU
		{B18FAAA2-4FA5-4D5C-9D20-3ECFC5C86739}.AppStore|x86.Build.0 = Debug|Any CPU
		{B18FAAA2-4FA5-4D5C-9D20-3ECFC5C86739}.Debug|Any CPU.ActiveCfg = Debug|Any CPU
		{B18FAAA2-4FA5-4D5C-9D20-3ECFC5C86739}.Debug|Any CPU.Build.0 = Debug|Any CPU
		{B18FAAA2-4FA5-4D5C-9D20-3ECFC5C86739}.Debug|ARM.ActiveCfg = Debug|Any CPU
		{B18FAAA2-4FA5-4D5C-9D20-3ECFC5C86739}.Debug|ARM.Build.0 = Debug|Any CPU
		{B18FAAA2-4FA5-4D5C-9D20-3ECFC5C86739}.Debug|ARM64.ActiveCfg = Debug|Any CPU
		{B18FAAA2-4FA5-4D5C-9D20-3ECFC5C86739}.Debug|ARM64.Build.0 = Debug|Any CPU
		{B18FAAA2-4FA5-4D5C-9D20-3ECFC5C86739}.Debug|iPhone.ActiveCfg = Debug|Any CPU
		{B18FAAA2-4FA5-4D5C-9D20-3ECFC5C86739}.Debug|iPhone.Build.0 = Debug|Any CPU
		{B18FAAA2-4FA5-4D5C-9D20-3ECFC5C86739}.Debug|iPhoneSimulator.ActiveCfg = Debug|Any CPU
		{B18FAAA2-4FA5-4D5C-9D20-3ECFC5C86739}.Debug|iPhoneSimulator.Build.0 = Debug|Any CPU
		{B18FAAA2-4FA5-4D5C-9D20-3ECFC5C86739}.Debug|x64.ActiveCfg = Debug|Any CPU
		{B18FAAA2-4FA5-4D5C-9D20-3ECFC5C86739}.Debug|x64.Build.0 = Debug|Any CPU
		{B18FAAA2-4FA5-4D5C-9D20-3ECFC5C86739}.Debug|x86.ActiveCfg = Debug|Any CPU
		{B18FAAA2-4FA5-4D5C-9D20-3ECFC5C86739}.Debug|x86.Build.0 = Debug|Any CPU
		{B18FAAA2-4FA5-4D5C-9D20-3ECFC5C86739}.Release|Any CPU.ActiveCfg = Release|Any CPU
		{B18FAAA2-4FA5-4D5C-9D20-3ECFC5C86739}.Release|Any CPU.Build.0 = Release|Any CPU
		{B18FAAA2-4FA5-4D5C-9D20-3ECFC5C86739}.Release|ARM.ActiveCfg = Release|Any CPU
		{B18FAAA2-4FA5-4D5C-9D20-3ECFC5C86739}.Release|ARM.Build.0 = Release|Any CPU
		{B18FAAA2-4FA5-4D5C-9D20-3ECFC5C86739}.Release|ARM64.ActiveCfg = Release|Any CPU
		{B18FAAA2-4FA5-4D5C-9D20-3ECFC5C86739}.Release|ARM64.Build.0 = Release|Any CPU
		{B18FAAA2-4FA5-4D5C-9D20-3ECFC5C86739}.Release|iPhone.ActiveCfg = Release|Any CPU
		{B18FAAA2-4FA5-4D5C-9D20-3ECFC5C86739}.Release|iPhone.Build.0 = Release|Any CPU
		{B18FAAA2-4FA5-4D5C-9D20-3ECFC5C86739}.Release|iPhoneSimulator.ActiveCfg = Release|Any CPU
		{B18FAAA2-4FA5-4D5C-9D20-3ECFC5C86739}.Release|iPhoneSimulator.Build.0 = Release|Any CPU
		{B18FAAA2-4FA5-4D5C-9D20-3ECFC5C86739}.Release|x64.ActiveCfg = Release|Any CPU
		{B18FAAA2-4FA5-4D5C-9D20-3ECFC5C86739}.Release|x64.Build.0 = Release|Any CPU
		{B18FAAA2-4FA5-4D5C-9D20-3ECFC5C86739}.Release|x86.ActiveCfg = Release|Any CPU
		{B18FAAA2-4FA5-4D5C-9D20-3ECFC5C86739}.Release|x86.Build.0 = Release|Any CPU
		{6CE8233F-C18F-4B28-8A08-2E5FBA4BC1F6}.Ad-Hoc|Any CPU.ActiveCfg = Debug|Any CPU
		{6CE8233F-C18F-4B28-8A08-2E5FBA4BC1F6}.Ad-Hoc|Any CPU.Build.0 = Debug|Any CPU
		{6CE8233F-C18F-4B28-8A08-2E5FBA4BC1F6}.Ad-Hoc|ARM.ActiveCfg = Debug|Any CPU
		{6CE8233F-C18F-4B28-8A08-2E5FBA4BC1F6}.Ad-Hoc|ARM.Build.0 = Debug|Any CPU
		{6CE8233F-C18F-4B28-8A08-2E5FBA4BC1F6}.Ad-Hoc|ARM64.ActiveCfg = Debug|Any CPU
		{6CE8233F-C18F-4B28-8A08-2E5FBA4BC1F6}.Ad-Hoc|ARM64.Build.0 = Debug|Any CPU
		{6CE8233F-C18F-4B28-8A08-2E5FBA4BC1F6}.Ad-Hoc|iPhone.ActiveCfg = Debug|Any CPU
		{6CE8233F-C18F-4B28-8A08-2E5FBA4BC1F6}.Ad-Hoc|iPhone.Build.0 = Debug|Any CPU
		{6CE8233F-C18F-4B28-8A08-2E5FBA4BC1F6}.Ad-Hoc|iPhoneSimulator.ActiveCfg = Debug|Any CPU
		{6CE8233F-C18F-4B28-8A08-2E5FBA4BC1F6}.Ad-Hoc|iPhoneSimulator.Build.0 = Debug|Any CPU
		{6CE8233F-C18F-4B28-8A08-2E5FBA4BC1F6}.Ad-Hoc|x64.ActiveCfg = Debug|Any CPU
		{6CE8233F-C18F-4B28-8A08-2E5FBA4BC1F6}.Ad-Hoc|x64.Build.0 = Debug|Any CPU
		{6CE8233F-C18F-4B28-8A08-2E5FBA4BC1F6}.Ad-Hoc|x86.ActiveCfg = Debug|Any CPU
		{6CE8233F-C18F-4B28-8A08-2E5FBA4BC1F6}.Ad-Hoc|x86.Build.0 = Debug|Any CPU
		{6CE8233F-C18F-4B28-8A08-2E5FBA4BC1F6}.AppStore|Any CPU.ActiveCfg = Debug|Any CPU
		{6CE8233F-C18F-4B28-8A08-2E5FBA4BC1F6}.AppStore|Any CPU.Build.0 = Debug|Any CPU
		{6CE8233F-C18F-4B28-8A08-2E5FBA4BC1F6}.AppStore|ARM.ActiveCfg = Debug|Any CPU
		{6CE8233F-C18F-4B28-8A08-2E5FBA4BC1F6}.AppStore|ARM.Build.0 = Debug|Any CPU
		{6CE8233F-C18F-4B28-8A08-2E5FBA4BC1F6}.AppStore|ARM64.ActiveCfg = Debug|Any CPU
		{6CE8233F-C18F-4B28-8A08-2E5FBA4BC1F6}.AppStore|ARM64.Build.0 = Debug|Any CPU
		{6CE8233F-C18F-4B28-8A08-2E5FBA4BC1F6}.AppStore|iPhone.ActiveCfg = Debug|Any CPU
		{6CE8233F-C18F-4B28-8A08-2E5FBA4BC1F6}.AppStore|iPhone.Build.0 = Debug|Any CPU
		{6CE8233F-C18F-4B28-8A08-2E5FBA4BC1F6}.AppStore|iPhoneSimulator.ActiveCfg = Debug|Any CPU
		{6CE8233F-C18F-4B28-8A08-2E5FBA4BC1F6}.AppStore|iPhoneSimulator.Build.0 = Debug|Any CPU
		{6CE8233F-C18F-4B28-8A08-2E5FBA4BC1F6}.AppStore|x64.ActiveCfg = Debug|Any CPU
		{6CE8233F-C18F-4B28-8A08-2E5FBA4BC1F6}.AppStore|x64.Build.0 = Debug|Any CPU
		{6CE8233F-C18F-4B28-8A08-2E5FBA4BC1F6}.AppStore|x86.ActiveCfg = Debug|Any CPU
		{6CE8233F-C18F-4B28-8A08-2E5FBA4BC1F6}.AppStore|x86.Build.0 = Debug|Any CPU
		{6CE8233F-C18F-4B28-8A08-2E5FBA4BC1F6}.Debug|Any CPU.ActiveCfg = Debug|Any CPU
		{6CE8233F-C18F-4B28-8A08-2E5FBA4BC1F6}.Debug|Any CPU.Build.0 = Debug|Any CPU
		{6CE8233F-C18F-4B28-8A08-2E5FBA4BC1F6}.Debug|ARM.ActiveCfg = Debug|Any CPU
		{6CE8233F-C18F-4B28-8A08-2E5FBA4BC1F6}.Debug|ARM.Build.0 = Debug|Any CPU
		{6CE8233F-C18F-4B28-8A08-2E5FBA4BC1F6}.Debug|ARM64.ActiveCfg = Debug|Any CPU
		{6CE8233F-C18F-4B28-8A08-2E5FBA4BC1F6}.Debug|ARM64.Build.0 = Debug|Any CPU
		{6CE8233F-C18F-4B28-8A08-2E5FBA4BC1F6}.Debug|iPhone.ActiveCfg = Debug|Any CPU
		{6CE8233F-C18F-4B28-8A08-2E5FBA4BC1F6}.Debug|iPhone.Build.0 = Debug|Any CPU
		{6CE8233F-C18F-4B28-8A08-2E5FBA4BC1F6}.Debug|iPhoneSimulator.ActiveCfg = Debug|Any CPU
		{6CE8233F-C18F-4B28-8A08-2E5FBA4BC1F6}.Debug|iPhoneSimulator.Build.0 = Debug|Any CPU
		{6CE8233F-C18F-4B28-8A08-2E5FBA4BC1F6}.Debug|x64.ActiveCfg = Debug|Any CPU
		{6CE8233F-C18F-4B28-8A08-2E5FBA4BC1F6}.Debug|x64.Build.0 = Debug|Any CPU
		{6CE8233F-C18F-4B28-8A08-2E5FBA4BC1F6}.Debug|x86.ActiveCfg = Debug|Any CPU
		{6CE8233F-C18F-4B28-8A08-2E5FBA4BC1F6}.Debug|x86.Build.0 = Debug|Any CPU
		{6CE8233F-C18F-4B28-8A08-2E5FBA4BC1F6}.Release|Any CPU.ActiveCfg = Release|Any CPU
		{6CE8233F-C18F-4B28-8A08-2E5FBA4BC1F6}.Release|Any CPU.Build.0 = Release|Any CPU
		{6CE8233F-C18F-4B28-8A08-2E5FBA4BC1F6}.Release|ARM.ActiveCfg = Release|Any CPU
		{6CE8233F-C18F-4B28-8A08-2E5FBA4BC1F6}.Release|ARM.Build.0 = Release|Any CPU
		{6CE8233F-C18F-4B28-8A08-2E5FBA4BC1F6}.Release|ARM64.ActiveCfg = Release|Any CPU
		{6CE8233F-C18F-4B28-8A08-2E5FBA4BC1F6}.Release|ARM64.Build.0 = Release|Any CPU
		{6CE8233F-C18F-4B28-8A08-2E5FBA4BC1F6}.Release|iPhone.ActiveCfg = Release|Any CPU
		{6CE8233F-C18F-4B28-8A08-2E5FBA4BC1F6}.Release|iPhone.Build.0 = Release|Any CPU
		{6CE8233F-C18F-4B28-8A08-2E5FBA4BC1F6}.Release|iPhoneSimulator.ActiveCfg = Release|Any CPU
		{6CE8233F-C18F-4B28-8A08-2E5FBA4BC1F6}.Release|iPhoneSimulator.Build.0 = Release|Any CPU
		{6CE8233F-C18F-4B28-8A08-2E5FBA4BC1F6}.Release|x64.ActiveCfg = Release|Any CPU
		{6CE8233F-C18F-4B28-8A08-2E5FBA4BC1F6}.Release|x64.Build.0 = Release|Any CPU
		{6CE8233F-C18F-4B28-8A08-2E5FBA4BC1F6}.Release|x86.ActiveCfg = Release|Any CPU
		{6CE8233F-C18F-4B28-8A08-2E5FBA4BC1F6}.Release|x86.Build.0 = Release|Any CPU
		{F37219E5-AF56-4D42-BCC9-CBBE8240E1B6}.Ad-Hoc|Any CPU.ActiveCfg = Debug|Any CPU
		{F37219E5-AF56-4D42-BCC9-CBBE8240E1B6}.Ad-Hoc|Any CPU.Build.0 = Debug|Any CPU
		{F37219E5-AF56-4D42-BCC9-CBBE8240E1B6}.Ad-Hoc|ARM.ActiveCfg = Debug|Any CPU
		{F37219E5-AF56-4D42-BCC9-CBBE8240E1B6}.Ad-Hoc|ARM.Build.0 = Debug|Any CPU
		{F37219E5-AF56-4D42-BCC9-CBBE8240E1B6}.Ad-Hoc|ARM64.ActiveCfg = Debug|Any CPU
		{F37219E5-AF56-4D42-BCC9-CBBE8240E1B6}.Ad-Hoc|ARM64.Build.0 = Debug|Any CPU
		{F37219E5-AF56-4D42-BCC9-CBBE8240E1B6}.Ad-Hoc|iPhone.ActiveCfg = Debug|Any CPU
		{F37219E5-AF56-4D42-BCC9-CBBE8240E1B6}.Ad-Hoc|iPhone.Build.0 = Debug|Any CPU
		{F37219E5-AF56-4D42-BCC9-CBBE8240E1B6}.Ad-Hoc|iPhoneSimulator.ActiveCfg = Debug|Any CPU
		{F37219E5-AF56-4D42-BCC9-CBBE8240E1B6}.Ad-Hoc|iPhoneSimulator.Build.0 = Debug|Any CPU
		{F37219E5-AF56-4D42-BCC9-CBBE8240E1B6}.Ad-Hoc|x64.ActiveCfg = Debug|Any CPU
		{F37219E5-AF56-4D42-BCC9-CBBE8240E1B6}.Ad-Hoc|x64.Build.0 = Debug|Any CPU
		{F37219E5-AF56-4D42-BCC9-CBBE8240E1B6}.Ad-Hoc|x86.ActiveCfg = Debug|Any CPU
		{F37219E5-AF56-4D42-BCC9-CBBE8240E1B6}.Ad-Hoc|x86.Build.0 = Debug|Any CPU
		{F37219E5-AF56-4D42-BCC9-CBBE8240E1B6}.AppStore|Any CPU.ActiveCfg = Debug|Any CPU
		{F37219E5-AF56-4D42-BCC9-CBBE8240E1B6}.AppStore|Any CPU.Build.0 = Debug|Any CPU
		{F37219E5-AF56-4D42-BCC9-CBBE8240E1B6}.AppStore|ARM.ActiveCfg = Debug|Any CPU
		{F37219E5-AF56-4D42-BCC9-CBBE8240E1B6}.AppStore|ARM.Build.0 = Debug|Any CPU
		{F37219E5-AF56-4D42-BCC9-CBBE8240E1B6}.AppStore|ARM64.ActiveCfg = Debug|Any CPU
		{F37219E5-AF56-4D42-BCC9-CBBE8240E1B6}.AppStore|ARM64.Build.0 = Debug|Any CPU
		{F37219E5-AF56-4D42-BCC9-CBBE8240E1B6}.AppStore|iPhone.ActiveCfg = Debug|Any CPU
		{F37219E5-AF56-4D42-BCC9-CBBE8240E1B6}.AppStore|iPhone.Build.0 = Debug|Any CPU
		{F37219E5-AF56-4D42-BCC9-CBBE8240E1B6}.AppStore|iPhoneSimulator.ActiveCfg = Debug|Any CPU
		{F37219E5-AF56-4D42-BCC9-CBBE8240E1B6}.AppStore|iPhoneSimulator.Build.0 = Debug|Any CPU
		{F37219E5-AF56-4D42-BCC9-CBBE8240E1B6}.AppStore|x64.ActiveCfg = Debug|Any CPU
		{F37219E5-AF56-4D42-BCC9-CBBE8240E1B6}.AppStore|x64.Build.0 = Debug|Any CPU
		{F37219E5-AF56-4D42-BCC9-CBBE8240E1B6}.AppStore|x86.ActiveCfg = Debug|Any CPU
		{F37219E5-AF56-4D42-BCC9-CBBE8240E1B6}.AppStore|x86.Build.0 = Debug|Any CPU
		{F37219E5-AF56-4D42-BCC9-CBBE8240E1B6}.Debug|Any CPU.ActiveCfg = Debug|Any CPU
		{F37219E5-AF56-4D42-BCC9-CBBE8240E1B6}.Debug|Any CPU.Build.0 = Debug|Any CPU
		{F37219E5-AF56-4D42-BCC9-CBBE8240E1B6}.Debug|ARM.ActiveCfg = Debug|Any CPU
		{F37219E5-AF56-4D42-BCC9-CBBE8240E1B6}.Debug|ARM.Build.0 = Debug|Any CPU
		{F37219E5-AF56-4D42-BCC9-CBBE8240E1B6}.Debug|ARM64.ActiveCfg = Debug|Any CPU
		{F37219E5-AF56-4D42-BCC9-CBBE8240E1B6}.Debug|ARM64.Build.0 = Debug|Any CPU
		{F37219E5-AF56-4D42-BCC9-CBBE8240E1B6}.Debug|iPhone.ActiveCfg = Debug|Any CPU
		{F37219E5-AF56-4D42-BCC9-CBBE8240E1B6}.Debug|iPhone.Build.0 = Debug|Any CPU
		{F37219E5-AF56-4D42-BCC9-CBBE8240E1B6}.Debug|iPhoneSimulator.ActiveCfg = Debug|Any CPU
		{F37219E5-AF56-4D42-BCC9-CBBE8240E1B6}.Debug|iPhoneSimulator.Build.0 = Debug|Any CPU
		{F37219E5-AF56-4D42-BCC9-CBBE8240E1B6}.Debug|x64.ActiveCfg = Debug|Any CPU
		{F37219E5-AF56-4D42-BCC9-CBBE8240E1B6}.Debug|x64.Build.0 = Debug|Any CPU
		{F37219E5-AF56-4D42-BCC9-CBBE8240E1B6}.Debug|x86.ActiveCfg = Debug|Any CPU
		{F37219E5-AF56-4D42-BCC9-CBBE8240E1B6}.Debug|x86.Build.0 = Debug|Any CPU
		{F37219E5-AF56-4D42-BCC9-CBBE8240E1B6}.Release|Any CPU.ActiveCfg = Release|Any CPU
		{F37219E5-AF56-4D42-BCC9-CBBE8240E1B6}.Release|Any CPU.Build.0 = Release|Any CPU
		{F37219E5-AF56-4D42-BCC9-CBBE8240E1B6}.Release|ARM.ActiveCfg = Release|Any CPU
		{F37219E5-AF56-4D42-BCC9-CBBE8240E1B6}.Release|ARM.Build.0 = Release|Any CPU
		{F37219E5-AF56-4D42-BCC9-CBBE8240E1B6}.Release|ARM64.ActiveCfg = Release|Any CPU
		{F37219E5-AF56-4D42-BCC9-CBBE8240E1B6}.Release|ARM64.Build.0 = Release|Any CPU
		{F37219E5-AF56-4D42-BCC9-CBBE8240E1B6}.Release|iPhone.ActiveCfg = Release|Any CPU
		{F37219E5-AF56-4D42-BCC9-CBBE8240E1B6}.Release|iPhone.Build.0 = Release|Any CPU
		{F37219E5-AF56-4D42-BCC9-CBBE8240E1B6}.Release|iPhoneSimulator.ActiveCfg = Release|Any CPU
		{F37219E5-AF56-4D42-BCC9-CBBE8240E1B6}.Release|iPhoneSimulator.Build.0 = Release|Any CPU
		{F37219E5-AF56-4D42-BCC9-CBBE8240E1B6}.Release|x64.ActiveCfg = Release|Any CPU
		{F37219E5-AF56-4D42-BCC9-CBBE8240E1B6}.Release|x64.Build.0 = Release|Any CPU
		{F37219E5-AF56-4D42-BCC9-CBBE8240E1B6}.Release|x86.ActiveCfg = Release|Any CPU
		{F37219E5-AF56-4D42-BCC9-CBBE8240E1B6}.Release|x86.Build.0 = Release|Any CPU
	EndGlobalSection
	GlobalSection(SolutionProperties) = preSolution
		HideSolutionNode = FALSE
	EndGlobalSection
	GlobalSection(NestedProjects) = preSolution
		{B7F4244C-1AB9-48CF-927B-65200922D53B} = {B777F28A-D27F-4D40-B278-1C21A309CD38}
		{E69E7336-26FF-409D-998C-9085FEA65028} = {B777F28A-D27F-4D40-B278-1C21A309CD38}
		{0EF5A705-6976-41EA-BEC8-0F8AFAAAF275} = {B777F28A-D27F-4D40-B278-1C21A309CD38}
		{9787AD47-4E5E-4B36-A072-CDC47989546B} = {B777F28A-D27F-4D40-B278-1C21A309CD38}
		{B32543AB-E0F6-4B12-B447-0C05B4690314} = {B777F28A-D27F-4D40-B278-1C21A309CD38}
		{A0D0C657-2060-4924-91D0-04D0ADBFB87E} = {B777F28A-D27F-4D40-B278-1C21A309CD38}
		{B18FAAA2-4FA5-4D5C-9D20-3ECFC5C86739} = {B777F28A-D27F-4D40-B278-1C21A309CD38}
		{6CE8233F-C18F-4B28-8A08-2E5FBA4BC1F6} = {B777F28A-D27F-4D40-B278-1C21A309CD38}
		{F37219E5-AF56-4D42-BCC9-CBBE8240E1B6} = {B777F28A-D27F-4D40-B278-1C21A309CD38}
	EndGlobalSection
	GlobalSection(ExtensibilityGlobals) = postSolution
		SolutionGuid = {17FE84D4-41AE-4348-8662-D6556752DC79}
	EndGlobalSection
EndGlobal
